
Microsoft Visual Studio Solution File, Format Version 12.00
# Visual Studio Version 17
VisualStudioVersion = 17.10.35013.160
MinimumVisualStudioVersion = 10.0.40219.1
Project("{FAE04EC0-301F-11D3-BF4B-00C04F79EFBC}") = "task adv 03", "task adv 03\task adv 03.csproj", "{AF280EAE-3C33-45E6-B30D-04DB4693AF3F}"
EndProject
Global
	GlobalSection(SolutionConfigurationPlatforms) = preSolution
		Debug|Any CPU = Debug|Any CPU
		Release|Any CPU = Release|Any CPU
	EndGlobalSection
	GlobalSection(ProjectConfigurationPlatforms) = postSolution
		{AF280EAE-3C33-45E6-B30D-04DB4693AF3F}.Debug|Any CPU.ActiveCfg = Debug|Any CPU
		{AF280EAE-3C33-45E6-B30D-04DB4693AF3F}.Debug|Any CPU.Build.0 = Debug|Any CPU
		{AF280EAE-3C33-45E6-B30D-04DB4693AF3F}.Release|Any CPU.ActiveCfg = Release|Any CPU
		{AF280EAE-3C33-45E6-B30D-04DB4693AF3F}.Release|Any CPU.Build.0 = Release|Any CPU
	EndGlobalSection
	GlobalSection(SolutionProperties) = preSolution
		HideSolutionNode = FALSE
	EndGlobalSection
	GlobalSection(ExtensibilityGlobals) = postSolution
		SolutionGuid = {97A276CC-CD05-4484-9173-2D5C24B98EFF}
	EndGlobalSection
EndGlobal
